
Microsoft Visual Studio Solution File, Format Version 12.00
Project("{FAE04EC0-301F-11D3-BF4B-00C04F79EFBC}") = "Poker", "Poker\Poker.csproj", "{1389D700-0E2C-411A-AD81-627E33A7A11B}"
EndProject
Project("{FAE04EC0-301F-11D3-BF4B-00C04F79EFBC}") = "Poker.Tests", "Poker.Tests\Poker.Tests.csproj", "{C0BC411B-B3F7-47A2-AB52-15F88F8CC798}"
EndProject
Global
	GlobalSection(SolutionConfigurationPlatforms) = preSolution
		Debug|Any CPU = Debug|Any CPU
		Release|Any CPU = Release|Any CPU
	EndGlobalSection
	GlobalSection(ProjectConfigurationPlatforms) = postSolution
		{1389D700-0E2C-411A-AD81-627E33A7A11B}.Debug|Any CPU.ActiveCfg = Debug|Any CPU
		{1389D700-0E2C-411A-AD81-627E33A7A11B}.Debug|Any CPU.Build.0 = Debug|Any CPU
		{1389D700-0E2C-411A-AD81-627E33A7A11B}.Release|Any CPU.ActiveCfg = Release|Any CPU
		{1389D700-0E2C-411A-AD81-627E33A7A11B}.Release|Any CPU.Build.0 = Release|Any CPU
		{C0BC411B-B3F7-47A2-AB52-15F88F8CC798}.Debug|Any CPU.ActiveCfg = Debug|Any CPU
		{C0BC411B-B3F7-47A2-AB52-15F88F8CC798}.Debug|Any CPU.Build.0 = Debug|Any CPU
		{C0BC411B-B3F7-47A2-AB52-15F88F8CC798}.Release|Any CPU.ActiveCfg = Release|Any CPU
		{C0BC411B-B3F7-47A2-AB52-15F88F8CC798}.Release|Any CPU.Build.0 = Release|Any CPU
	EndGlobalSection
EndGlobal
