
Microsoft Visual Studio Solution File, Format Version 12.00
Project("{FAE04EC0-301F-11D3-BF4B-00C04F79EFBC}") = "Poker", "Poker\Poker.csproj", "{1389D700-0E2C-411A-AD81-627E33A7A11B}"
EndProject
Project("{FAE04EC0-301F-11D3-BF4B-00C04F79EFBC}") = "Poker.Tests", "Poker.Tests\Poker.Tests.csproj", "{C0BC411B-B3F7-47A2-AB52-15F88F8CC798}"
EndProject
Project("{FAE04EC0-301F-11D3-BF4B-00C04F79EFBC}") = "Stage01", "Stage01\Stage01.csproj", "{ED864692-064A-469A-96A9-B0F514F25FF4}"
EndProject
Project("{FAE04EC0-301F-11D3-BF4B-00C04F79EFBC}") = "Stage01.Tests", "Stage01.Tests\Stage01.Tests.csproj", "{BA55554A-C022-4BE7-9BF9-5D31019756D3}"
EndProject
Project("{FAE04EC0-301F-11D3-BF4B-00C04F79EFBC}") = "Stage01Refactor", "Stage01Refactor\Stage01Refactor.csproj", "{88C49925-110F-467F-BC46-3A79684D46BB}"
EndProject
Project("{FAE04EC0-301F-11D3-BF4B-00C04F79EFBC}") = "Stage01Refactor.Tests", "Stage01Refactor.Tests\Stage01Refactor.Tests.csproj", "{57487CAD-8712-431A-A280-3D0DA1B190FA}"
EndProject
Project("{FAE04EC0-301F-11D3-BF4B-00C04F79EFBC}") = "Stage02", "Stage02\Stage02.csproj", "{FC773E95-DFDE-4347-B87C-6A51DB668405}"
EndProject
Project("{FAE04EC0-301F-11D3-BF4B-00C04F79EFBC}") = "Stage02.Tests", "Stage02.Tests\Stage02.Tests.csproj", "{F98D9C57-471C-403E-8D7E-2FAEA97EA181}"
EndProject
Project("{FAE04EC0-301F-11D3-BF4B-00C04F79EFBC}") = "Stage03", "Stage03\Stage03.csproj", "{F6E04ACE-E5EE-4DB7-B330-6F6AAF504DCE}"
EndProject
Project("{FAE04EC0-301F-11D3-BF4B-00C04F79EFBC}") = "Stage03.Tests", "Stage03.Tests\Stage03.Tests.csproj", "{59E514D9-5A76-43D3-83DE-C203885573B5}"
EndProject
Project("{FAE04EC0-301F-11D3-BF4B-00C04F79EFBC}") = "Stage03Refactor", "Stage03Refactor\Stage03Refactor.csproj", "{9C9BE269-561A-45F2-8F92-8608199F4CC9}"
EndProject
Project("{FAE04EC0-301F-11D3-BF4B-00C04F79EFBC}") = "Stage03Refactor.Tests", "Stage03Refactor.Tests\Stage03Refactor.Tests.csproj", "{9EBD9F80-8B7A-4364-A038-05E1F4E4D459}"
EndProject
Project("{FAE04EC0-301F-11D3-BF4B-00C04F79EFBC}") = "Stage02Refactor", "Stage02Refactor\Stage02Refactor.csproj", "{18D88D25-4B9F-4236-9354-0DBF5756CCD7}"
EndProject
Project("{FAE04EC0-301F-11D3-BF4B-00C04F79EFBC}") = "Stage04", "Stage04\Stage04.csproj", "{4EF8CD93-C719-4A0C-8CC6-02A8CC09F1E5}"
EndProject
Project("{FAE04EC0-301F-11D3-BF4B-00C04F79EFBC}") = "Stage04.Tests", "Stage04.Tests\Stage04.Tests.csproj", "{1288E1B3-DF59-4089-B6F7-E0E72B01366D}"
EndProject
Project("{FAE04EC0-301F-11D3-BF4B-00C04F79EFBC}") = "Stage04Refactor", "Stage04Refactor\Stage04Refactor.csproj", "{9E7638A6-2F1A-4598-8377-3A1BAE3E761E}"
EndProject
Project("{FAE04EC0-301F-11D3-BF4B-00C04F79EFBC}") = "Stage04Refactor.Tests", "Stage04Refactor.Tests\Stage04Refactor.Tests.csproj", "{51B3D42C-63F3-4462-8E39-A200D4ED16CF}"
EndProject
Project("{FAE04EC0-301F-11D3-BF4B-00C04F79EFBC}") = "StageFinal", "StageFinal\StageFinal.csproj", "{8A723800-B388-4441-B184-65D360CA6738}"
EndProject
Project("{FAE04EC0-301F-11D3-BF4B-00C04F79EFBC}") = "StageFinal.Tests", "StageFinal.Tests\StageFinal.Tests.csproj", "{F999CB27-EB84-4934-AD9B-9BE473141734}"
EndProject
Project("{FAE04EC0-301F-11D3-BF4B-00C04F79EFBC}") = "StageFinalRefactor.Tests", "StageFinalRefactor.Tests\StageFinalRefactor.Tests.csproj", "{BB091A5A-2DF1-4907-BD57-5968AE2963EC}"
EndProject
Project("{FAE04EC0-301F-11D3-BF4B-00C04F79EFBC}") = "StageFinalRefactor", "StageFinalRefactor\StageFinalRefactor.csproj", "{8B1EDF34-E5DC-4E1F-BE4A-A06218101652}"
EndProject
Project("{FAE04EC0-301F-11D3-BF4B-00C04F79EFBC}") = "Stage02Refactor.Tests", "Stage02Refactor.Tests\Stage02Refactor.Tests.csproj", "{B0D4E7B4-C70F-464D-B524-BB36EFF17E97}"
EndProject
Global
	GlobalSection(SolutionConfigurationPlatforms) = preSolution
		Debug|Any CPU = Debug|Any CPU
		Release|Any CPU = Release|Any CPU
	EndGlobalSection
	GlobalSection(ProjectConfigurationPlatforms) = postSolution
		{1389D700-0E2C-411A-AD81-627E33A7A11B}.Debug|Any CPU.ActiveCfg = Debug|Any CPU
		{1389D700-0E2C-411A-AD81-627E33A7A11B}.Debug|Any CPU.Build.0 = Debug|Any CPU
		{1389D700-0E2C-411A-AD81-627E33A7A11B}.Release|Any CPU.ActiveCfg = Release|Any CPU
		{1389D700-0E2C-411A-AD81-627E33A7A11B}.Release|Any CPU.Build.0 = Release|Any CPU
		{C0BC411B-B3F7-47A2-AB52-15F88F8CC798}.Debug|Any CPU.ActiveCfg = Debug|Any CPU
		{C0BC411B-B3F7-47A2-AB52-15F88F8CC798}.Debug|Any CPU.Build.0 = Debug|Any CPU
		{C0BC411B-B3F7-47A2-AB52-15F88F8CC798}.Release|Any CPU.ActiveCfg = Release|Any CPU
		{C0BC411B-B3F7-47A2-AB52-15F88F8CC798}.Release|Any CPU.Build.0 = Release|Any CPU
		{ED864692-064A-469A-96A9-B0F514F25FF4}.Debug|Any CPU.ActiveCfg = Debug|Any CPU
		{ED864692-064A-469A-96A9-B0F514F25FF4}.Debug|Any CPU.Build.0 = Debug|Any CPU
		{ED864692-064A-469A-96A9-B0F514F25FF4}.Release|Any CPU.ActiveCfg = Release|Any CPU
		{ED864692-064A-469A-96A9-B0F514F25FF4}.Release|Any CPU.Build.0 = Release|Any CPU
		{BA55554A-C022-4BE7-9BF9-5D31019756D3}.Debug|Any CPU.ActiveCfg = Debug|Any CPU
		{BA55554A-C022-4BE7-9BF9-5D31019756D3}.Debug|Any CPU.Build.0 = Debug|Any CPU
		{BA55554A-C022-4BE7-9BF9-5D31019756D3}.Release|Any CPU.ActiveCfg = Release|Any CPU
		{BA55554A-C022-4BE7-9BF9-5D31019756D3}.Release|Any CPU.Build.0 = Release|Any CPU
		{88C49925-110F-467F-BC46-3A79684D46BB}.Debug|Any CPU.ActiveCfg = Debug|Any CPU
		{88C49925-110F-467F-BC46-3A79684D46BB}.Debug|Any CPU.Build.0 = Debug|Any CPU
		{88C49925-110F-467F-BC46-3A79684D46BB}.Release|Any CPU.ActiveCfg = Release|Any CPU
		{88C49925-110F-467F-BC46-3A79684D46BB}.Release|Any CPU.Build.0 = Release|Any CPU
		{57487CAD-8712-431A-A280-3D0DA1B190FA}.Debug|Any CPU.ActiveCfg = Debug|Any CPU
		{57487CAD-8712-431A-A280-3D0DA1B190FA}.Debug|Any CPU.Build.0 = Debug|Any CPU
		{57487CAD-8712-431A-A280-3D0DA1B190FA}.Release|Any CPU.ActiveCfg = Release|Any CPU
		{57487CAD-8712-431A-A280-3D0DA1B190FA}.Release|Any CPU.Build.0 = Release|Any CPU
		{FC773E95-DFDE-4347-B87C-6A51DB668405}.Debug|Any CPU.ActiveCfg = Debug|Any CPU
		{FC773E95-DFDE-4347-B87C-6A51DB668405}.Debug|Any CPU.Build.0 = Debug|Any CPU
		{FC773E95-DFDE-4347-B87C-6A51DB668405}.Release|Any CPU.ActiveCfg = Release|Any CPU
		{FC773E95-DFDE-4347-B87C-6A51DB668405}.Release|Any CPU.Build.0 = Release|Any CPU
		{F98D9C57-471C-403E-8D7E-2FAEA97EA181}.Debug|Any CPU.ActiveCfg = Debug|Any CPU
		{F98D9C57-471C-403E-8D7E-2FAEA97EA181}.Debug|Any CPU.Build.0 = Debug|Any CPU
		{F98D9C57-471C-403E-8D7E-2FAEA97EA181}.Release|Any CPU.ActiveCfg = Release|Any CPU
		{F98D9C57-471C-403E-8D7E-2FAEA97EA181}.Release|Any CPU.Build.0 = Release|Any CPU
		{F6E04ACE-E5EE-4DB7-B330-6F6AAF504DCE}.Debug|Any CPU.ActiveCfg = Debug|Any CPU
		{F6E04ACE-E5EE-4DB7-B330-6F6AAF504DCE}.Debug|Any CPU.Build.0 = Debug|Any CPU
		{F6E04ACE-E5EE-4DB7-B330-6F6AAF504DCE}.Release|Any CPU.ActiveCfg = Release|Any CPU
		{F6E04ACE-E5EE-4DB7-B330-6F6AAF504DCE}.Release|Any CPU.Build.0 = Release|Any CPU
		{59E514D9-5A76-43D3-83DE-C203885573B5}.Debug|Any CPU.ActiveCfg = Debug|Any CPU
		{59E514D9-5A76-43D3-83DE-C203885573B5}.Debug|Any CPU.Build.0 = Debug|Any CPU
		{59E514D9-5A76-43D3-83DE-C203885573B5}.Release|Any CPU.ActiveCfg = Release|Any CPU
		{59E514D9-5A76-43D3-83DE-C203885573B5}.Release|Any CPU.Build.0 = Release|Any CPU
		{9C9BE269-561A-45F2-8F92-8608199F4CC9}.Debug|Any CPU.ActiveCfg = Debug|Any CPU
		{9C9BE269-561A-45F2-8F92-8608199F4CC9}.Debug|Any CPU.Build.0 = Debug|Any CPU
		{9C9BE269-561A-45F2-8F92-8608199F4CC9}.Release|Any CPU.ActiveCfg = Release|Any CPU
		{9C9BE269-561A-45F2-8F92-8608199F4CC9}.Release|Any CPU.Build.0 = Release|Any CPU
		{9EBD9F80-8B7A-4364-A038-05E1F4E4D459}.Debug|Any CPU.ActiveCfg = Debug|Any CPU
		{9EBD9F80-8B7A-4364-A038-05E1F4E4D459}.Debug|Any CPU.Build.0 = Debug|Any CPU
		{9EBD9F80-8B7A-4364-A038-05E1F4E4D459}.Release|Any CPU.ActiveCfg = Release|Any CPU
		{9EBD9F80-8B7A-4364-A038-05E1F4E4D459}.Release|Any CPU.Build.0 = Release|Any CPU
		{18D88D25-4B9F-4236-9354-0DBF5756CCD7}.Debug|Any CPU.ActiveCfg = Debug|Any CPU
		{18D88D25-4B9F-4236-9354-0DBF5756CCD7}.Debug|Any CPU.Build.0 = Debug|Any CPU
		{18D88D25-4B9F-4236-9354-0DBF5756CCD7}.Release|Any CPU.ActiveCfg = Release|Any CPU
		{18D88D25-4B9F-4236-9354-0DBF5756CCD7}.Release|Any CPU.Build.0 = Release|Any CPU
		{4EF8CD93-C719-4A0C-8CC6-02A8CC09F1E5}.Debug|Any CPU.ActiveCfg = Debug|Any CPU
		{4EF8CD93-C719-4A0C-8CC6-02A8CC09F1E5}.Debug|Any CPU.Build.0 = Debug|Any CPU
		{4EF8CD93-C719-4A0C-8CC6-02A8CC09F1E5}.Release|Any CPU.ActiveCfg = Release|Any CPU
		{4EF8CD93-C719-4A0C-8CC6-02A8CC09F1E5}.Release|Any CPU.Build.0 = Release|Any CPU
		{1288E1B3-DF59-4089-B6F7-E0E72B01366D}.Debug|Any CPU.ActiveCfg = Debug|Any CPU
		{1288E1B3-DF59-4089-B6F7-E0E72B01366D}.Debug|Any CPU.Build.0 = Debug|Any CPU
		{1288E1B3-DF59-4089-B6F7-E0E72B01366D}.Release|Any CPU.ActiveCfg = Release|Any CPU
		{1288E1B3-DF59-4089-B6F7-E0E72B01366D}.Release|Any CPU.Build.0 = Release|Any CPU
		{9E7638A6-2F1A-4598-8377-3A1BAE3E761E}.Debug|Any CPU.ActiveCfg = Debug|Any CPU
		{9E7638A6-2F1A-4598-8377-3A1BAE3E761E}.Debug|Any CPU.Build.0 = Debug|Any CPU
		{9E7638A6-2F1A-4598-8377-3A1BAE3E761E}.Release|Any CPU.ActiveCfg = Release|Any CPU
		{9E7638A6-2F1A-4598-8377-3A1BAE3E761E}.Release|Any CPU.Build.0 = Release|Any CPU
		{51B3D42C-63F3-4462-8E39-A200D4ED16CF}.Debug|Any CPU.ActiveCfg = Debug|Any CPU
		{51B3D42C-63F3-4462-8E39-A200D4ED16CF}.Debug|Any CPU.Build.0 = Debug|Any CPU
		{51B3D42C-63F3-4462-8E39-A200D4ED16CF}.Release|Any CPU.ActiveCfg = Release|Any CPU
		{51B3D42C-63F3-4462-8E39-A200D4ED16CF}.Release|Any CPU.Build.0 = Release|Any CPU
		{8A723800-B388-4441-B184-65D360CA6738}.Debug|Any CPU.ActiveCfg = Debug|Any CPU
		{8A723800-B388-4441-B184-65D360CA6738}.Debug|Any CPU.Build.0 = Debug|Any CPU
		{8A723800-B388-4441-B184-65D360CA6738}.Release|Any CPU.ActiveCfg = Release|Any CPU
		{8A723800-B388-4441-B184-65D360CA6738}.Release|Any CPU.Build.0 = Release|Any CPU
		{F999CB27-EB84-4934-AD9B-9BE473141734}.Debug|Any CPU.ActiveCfg = Debug|Any CPU
		{F999CB27-EB84-4934-AD9B-9BE473141734}.Debug|Any CPU.Build.0 = Debug|Any CPU
		{F999CB27-EB84-4934-AD9B-9BE473141734}.Release|Any CPU.ActiveCfg = Release|Any CPU
		{F999CB27-EB84-4934-AD9B-9BE473141734}.Release|Any CPU.Build.0 = Release|Any CPU
		{BB091A5A-2DF1-4907-BD57-5968AE2963EC}.Debug|Any CPU.ActiveCfg = Debug|Any CPU
		{BB091A5A-2DF1-4907-BD57-5968AE2963EC}.Debug|Any CPU.Build.0 = Debug|Any CPU
		{BB091A5A-2DF1-4907-BD57-5968AE2963EC}.Release|Any CPU.ActiveCfg = Release|Any CPU
		{BB091A5A-2DF1-4907-BD57-5968AE2963EC}.Release|Any CPU.Build.0 = Release|Any CPU
		{8B1EDF34-E5DC-4E1F-BE4A-A06218101652}.Debug|Any CPU.ActiveCfg = Debug|Any CPU
		{8B1EDF34-E5DC-4E1F-BE4A-A06218101652}.Debug|Any CPU.Build.0 = Debug|Any CPU
		{8B1EDF34-E5DC-4E1F-BE4A-A06218101652}.Release|Any CPU.ActiveCfg = Release|Any CPU
		{8B1EDF34-E5DC-4E1F-BE4A-A06218101652}.Release|Any CPU.Build.0 = Release|Any CPU
		{B0D4E7B4-C70F-464D-B524-BB36EFF17E97}.Debug|Any CPU.ActiveCfg = Debug|Any CPU
		{B0D4E7B4-C70F-464D-B524-BB36EFF17E97}.Debug|Any CPU.Build.0 = Debug|Any CPU
		{B0D4E7B4-C70F-464D-B524-BB36EFF17E97}.Release|Any CPU.ActiveCfg = Release|Any CPU
		{B0D4E7B4-C70F-464D-B524-BB36EFF17E97}.Release|Any CPU.Build.0 = Release|Any CPU
	EndGlobalSection
EndGlobal
